
Microsoft Visual Studio Solution File, Format Version 12.00
# Visual Studio Version 16
VisualStudioVersion = 16.0.29102.190
MinimumVisualStudioVersion = 10.0.40219.1
Project("{FAE04EC0-301F-11D3-BF4B-00C04F79EFBC}") = "Tez", "Tez\Tez.csproj", "{8CD83FE1-BF8C-4D46-8E98-09A92FCDAAEB}"
EndProject
Global
	GlobalSection(SolutionConfigurationPlatforms) = preSolution
		Debug|Any CPU = Debug|Any CPU
		Release|Any CPU = Release|Any CPU
	EndGlobalSection
	GlobalSection(ProjectConfigurationPlatforms) = postSolution
		{8CD83FE1-BF8C-4D46-8E98-09A92FCDAAEB}.Debug|Any CPU.ActiveCfg = Debug|Any CPU
		{8CD83FE1-BF8C-4D46-8E98-09A92FCDAAEB}.Debug|Any CPU.Build.0 = Debug|Any CPU
		{8CD83FE1-BF8C-4D46-8E98-09A92FCDAAEB}.Release|Any CPU.ActiveCfg = Release|Any CPU
		{8CD83FE1-BF8C-4D46-8E98-09A92FCDAAEB}.Release|Any CPU.Build.0 = Release|Any CPU
	EndGlobalSection
	GlobalSection(SolutionProperties) = preSolution
		HideSolutionNode = FALSE
	EndGlobalSection
	GlobalSection(ExtensibilityGlobals) = postSolution
		SolutionGuid = {01AEAD53-D010-4ED5-B43B-4A508A04FB8E}
	EndGlobalSection
EndGlobal
